<?xml version="1.0" encoding="utf-8"?>
<Project ToolsVersion="4.0" xmlns="http://schemas.microsoft.com/developer/msbuild/2003">
  <ItemGroup>
    <Filter Include="源文件">
      <UniqueIdentifier>{4FC737F1-C7A5-4376-A066-2A32D752A2FF}</UniqueIdentifier>
      <Extensions>cpp;c;cc;cxx;c++;cppm;ixx;def;odl;idl;hpj;bat;asm;asmx</Extensions>
    </Filter>
    <Filter Include="头文件">
      <UniqueIdentifier>{93995380-89BD-4b04-88EB-625FBE52EBFB}</UniqueIdentifier>
      <Extensions>h;hh;hpp;hxx;h++;hm;inl;inc;ipp;xsd</Extensions>
    </Filter>
    <Filter Include="资源文件">
      <UniqueIdentifier>{67DA6AB6-F800-4c08-8B7A-83BB121AAD01}</UniqueIdentifier>
      <Extensions>rc;ico;cur;bmp;dlg;rc2;rct;bin;rgs;gif;jpg;jpeg;jpe;resx;tiff;tif;png;wav;mfcribbon-ms</Extensions>
    </Filter>
    <Filter Include="1.DeducingTypes">
      <UniqueIdentifier>{7d3766d7-0748-4f58-98a9-e2c8bbcc3a3f}</UniqueIdentifier>
    </Filter>
    <Filter Include="2.Auto">
      <UniqueIdentifier>{b63e0338-286d-4bfc-8c75-b3a43333279e}</UniqueIdentifier>
    </Filter>
    <Filter Include="3.Modern">
      <UniqueIdentifier>{0e8e1aac-1486-4f4c-b6cb-3749a354c420}</UniqueIdentifier>
    </Filter>
    <Filter Include="4.SmartPointers">
      <UniqueIdentifier>{73c4fc42-4c7b-4988-a5f8-d5057e360028}</UniqueIdentifier>
    </Filter>
    <Filter Include="5.Move">
      <UniqueIdentifier>{7019e572-fb06-4ae1-ac14-8f9663051b1a}</UniqueIdentifier>
    </Filter>
  </ItemGroup>
  <ItemGroup>
    <ClCompile Include="main.cpp">
      <Filter>源文件</Filter>
    </ClCompile>
    <ClCompile Include="Item1.h">
      <Filter>1.DeducingTypes</Filter>
    </ClCompile>
    <ClCompile Include="Item22.cxx">
      <Filter>4.SmartPointers</Filter>
    </ClCompile>
  </ItemGroup>
  <ItemGroup>
    <ClInclude Include="type.h">
      <Filter>头文件</Filter>
    </ClInclude>
    <ClInclude Include="Item2.h">
      <Filter>1.DeducingTypes</Filter>
    </ClInclude>
    <ClInclude Include="Item3.h">
      <Filter>1.DeducingTypes</Filter>
    </ClInclude>
    <ClInclude Include="Item5.h">
      <Filter>2.Auto</Filter>
    </ClInclude>
    <ClInclude Include="Item7.h">
      <Filter>3.Modern</Filter>
    </ClInclude>
    <ClInclude Include="Item8.h">
      <Filter>3.Modern</Filter>
    </ClInclude>
    <ClInclude Include="Item10.h">
      <Filter>3.Modern</Filter>
    </ClInclude>
    <ClInclude Include="Item14.h">
      <Filter>3.Modern</Filter>
    </ClInclude>
    <ClInclude Include="Item15.h">
      <Filter>3.Modern</Filter>
    </ClInclude>
    <ClInclude Include="Item16.h">
      <Filter>3.Modern</Filter>
    </ClInclude>
    <ClInclude Include="Item17.h">
      <Filter>3.Modern</Filter>
    </ClInclude>
    <ClInclude Include="Item18.h">
      <Filter>4.SmartPointers</Filter>
    </ClInclude>
    <ClInclude Include="Item19.h">
      <Filter>4.SmartPointers</Filter>
    </ClInclude>
    <ClInclude Include="Item20.h">
      <Filter>4.SmartPointers</Filter>
    </ClInclude>
    <ClInclude Include="Item21.h">
      <Filter>4.SmartPointers</Filter>
    </ClInclude>
    <ClInclude Include="Item22.h">
      <Filter>4.SmartPointers</Filter>
    </ClInclude>
    <ClInclude Include="Item23.h">
      <Filter>5.Move</Filter>
    </ClInclude>
    <ClInclude Include="Item24.h">
      <Filter>5.Move</Filter>
    </ClInclude>
    <ClInclude Include="Item27.h">
      <Filter>5.Move</Filter>
    </ClInclude>
  </ItemGroup>
</Project>